<Solution>
  <Folder Name="/src/">
    <Project Path="src/Mosaic.ServiceDefaults/Mosaic.ServiceDefaults.csproj" />
    <Project Path="src/Mosaic.Catalog/Mosaic.Catalog.csproj" />
    <Project Path="src/Mosaic.Pricing/Mosaic.Pricing.csproj" />
    <Project Path="src/Mosaic.Inventory/Mosaic.Inventory.csproj" />
    <Project Path="src/Mosaic.Accounts/Mosaic.Accounts.csproj" />
    <Project Path="src/Mosaic.Reviews/Mosaic.Reviews.csproj" />
    <Project Path="src/Mosaic.Ordering/Mosaic.Ordering.csproj" />
    <Project Path="src/Mosaic.Nodes/Mosaic.Nodes.csproj" />
  </Folder>
  <Folder Name="/samples/">
    <Project Path="samples/three-approaches/Mosaic.Sample.ImplementationFirst/Mosaic.Sample.ImplementationFirst.csproj" />
    <Project Path="samples/three-approaches/Mosaic.Sample.CodeFirst/Mosaic.Sample.CodeFirst.csproj" />
    <Project Path="samples/three-approaches/Mosaic.Sample.SchemaFirst/Mosaic.Sample.SchemaFirst.csproj" />
    <Project Path="samples/resolver-scopes/Mosaic.Sample.ResolverScopes.csproj" />
    <Project Path="samples/federated-wire/Mosaic.Sample.Wire.Catalog/Mosaic.Sample.Wire.Catalog.csproj" />
    <Project Path="samples/federated-wire/Mosaic.Sample.Wire.Reviews/Mosaic.Sample.Wire.Reviews.csproj" />
    <Project Path="samples/entity-attribute-placement/Mosaic.Sample.EntityAttributePlacement.csproj" />
    <Project Path="samples/entity-resolution/Mosaic.Sample.Entities.Catalog/Mosaic.Sample.Entities.Catalog.csproj" />
    <Project Path="samples/entity-resolution/Mosaic.Sample.Entities.Crates/Mosaic.Sample.Entities.Crates.csproj" />
    <Project Path="samples/interface-object/Mosaic.Sample.InterfaceObject.Library/Mosaic.Sample.InterfaceObject.Library.csproj" />
    <Project Path="samples/interface-object/Mosaic.Sample.InterfaceObject.Ratings/Mosaic.Sample.InterfaceObject.Ratings.csproj" />
    <Project Path="samples/executor-internals/Mosaic.Sample.ExecutorInternals.csproj" />
  </Folder>
</Solution>
