<Solution>
  <Folder Name="/src/">
    <Project Path="src/Mosaic.Api/Mosaic.Api.csproj" />
    <Project Path="src/Mosaic.Catalog/Mosaic.Catalog.csproj" />
  </Folder>
  <Folder Name="/samples/">
    <Project Path="samples/three-approaches/Mosaic.Sample.ImplementationFirst/Mosaic.Sample.ImplementationFirst.csproj" />
    <Project Path="samples/three-approaches/Mosaic.Sample.CodeFirst/Mosaic.Sample.CodeFirst.csproj" />
    <Project Path="samples/three-approaches/Mosaic.Sample.SchemaFirst/Mosaic.Sample.SchemaFirst.csproj" />
    <Project Path="samples/resolver-scopes/Mosaic.Sample.ResolverScopes.csproj" />
    <Project Path="samples/federated-wire/Mosaic.Sample.Wire.Catalog/Mosaic.Sample.Wire.Catalog.csproj" />
    <Project Path="samples/federated-wire/Mosaic.Sample.Wire.Reviews/Mosaic.Sample.Wire.Reviews.csproj" />
    <Project Path="samples/entity-attribute-placement/Mosaic.Sample.EntityAttributePlacement.csproj" />
  </Folder>
</Solution>
